
Microsoft Visual Studio Solution File, Format Version 12.00
# Visual Studio Version 16
VisualStudioVersion = 16.0.29920.165
MinimumVisualStudioVersion = 10.0.40219.1
Project("{9A19103F-16F7-4668-BE54-9A1E7A4F7556}") = "Starwars.Grpc.Server", "Starwars.Grpc.Server\Starwars.Grpc.Server.csproj", "{3787D16A-9719-4AD1-B46E-03426865C36F}"
EndProject
Project("{9A19103F-16F7-4668-BE54-9A1E7A4F7556}") = "Starwars.Grpc.Client", "Starwars.Grpc.Client\Starwars.Grpc.Client.csproj", "{0153BC1C-C096-4B95-B9C2-BC61C12A19FC}"
EndProject
Global
	GlobalSection(SolutionConfigurationPlatforms) = preSolution
		Debug|Any CPU = Debug|Any CPU
		Release|Any CPU = Release|Any CPU
	EndGlobalSection
	GlobalSection(ProjectConfigurationPlatforms) = postSolution
		{3787D16A-9719-4AD1-B46E-03426865C36F}.Debug|Any CPU.ActiveCfg = Debug|Any CPU
		{3787D16A-9719-4AD1-B46E-03426865C36F}.Debug|Any CPU.Build.0 = Debug|Any CPU
		{3787D16A-9719-4AD1-B46E-03426865C36F}.Release|Any CPU.ActiveCfg = Release|Any CPU
		{3787D16A-9719-4AD1-B46E-03426865C36F}.Release|Any CPU.Build.0 = Release|Any CPU
		{0153BC1C-C096-4B95-B9C2-BC61C12A19FC}.Debug|Any CPU.ActiveCfg = Debug|Any CPU
		{0153BC1C-C096-4B95-B9C2-BC61C12A19FC}.Debug|Any CPU.Build.0 = Debug|Any CPU
		{0153BC1C-C096-4B95-B9C2-BC61C12A19FC}.Release|Any CPU.ActiveCfg = Release|Any CPU
		{0153BC1C-C096-4B95-B9C2-BC61C12A19FC}.Release|Any CPU.Build.0 = Release|Any CPU
	EndGlobalSection
	GlobalSection(SolutionProperties) = preSolution
		HideSolutionNode = FALSE
	EndGlobalSection
	GlobalSection(ExtensibilityGlobals) = postSolution
		SolutionGuid = {DBEE7383-8171-4DAF-B1EA-8AE114B48B63}
	EndGlobalSection
EndGlobal
